# THIS IS AN AUTOGENERATED FILE. DO NOT EDIT THIS FILE DIRECTLY.
# yarn lockfile v1

websocket@1.0.24:
  version "1.0.24"
  resolved "https://registry.yarnpkg.com/websocket/-/websocket-1.0.24.tgz#74903e75f2545b6b2e1de1425bc1c905917a1890"
  dependencies:
    debug "^2.2.0"
    nan "^2.3.3"
    typedarray-to-buffer "^3.1.2"
    yaeti "^0.0.6"